
Microsoft Visual Studio Solution File, Format Version 12.00
# Visual Studio 15
VisualStudioVersion = 15.0.26228.9
MinimumVisualStudioVersion = 10.0.40219.1
Project("{FAE04EC0-301F-11D3-BF4B-00C04F79EFBC}") = "RAGE-C", "RAGE-C\RAGE-C.csproj", "{02D2DFDA-7CBD-4431-AB4C-9C07D0D01D4B}"
EndProject
Project("{FAE04EC0-301F-11D3-BF4B-00C04F79EFBC}") = "Compiler", "Compiler\Compiler.csproj", "{66127AC6-DF3E-4A19-9772-85D48D068895}"
EndProject
Global
	GlobalSection(SolutionConfigurationPlatforms) = preSolution
		Debug|Any CPU = Debug|Any CPU
		Release|Any CPU = Release|Any CPU
	EndGlobalSection
	GlobalSection(ProjectConfigurationPlatforms) = postSolution
		{02D2DFDA-7CBD-4431-AB4C-9C07D0D01D4B}.Debug|Any CPU.ActiveCfg = Debug|Any CPU
		{02D2DFDA-7CBD-4431-AB4C-9C07D0D01D4B}.Debug|Any CPU.Build.0 = Debug|Any CPU
		{02D2DFDA-7CBD-4431-AB4C-9C07D0D01D4B}.Release|Any CPU.ActiveCfg = Release|Any CPU
		{02D2DFDA-7CBD-4431-AB4C-9C07D0D01D4B}.Release|Any CPU.Build.0 = Release|Any CPU
		{66127AC6-DF3E-4A19-9772-85D48D068895}.Debug|Any CPU.ActiveCfg = Debug|Any CPU
		{66127AC6-DF3E-4A19-9772-85D48D068895}.Debug|Any CPU.Build.0 = Debug|Any CPU
		{66127AC6-DF3E-4A19-9772-85D48D068895}.Release|Any CPU.ActiveCfg = Release|Any CPU
		{66127AC6-DF3E-4A19-9772-85D48D068895}.Release|Any CPU.Build.0 = Release|Any CPU
	EndGlobalSection
	GlobalSection(SolutionProperties) = preSolution
		HideSolutionNode = FALSE
	EndGlobalSection
EndGlobal
